{
  "name": "sdvconvertergui2",
  "lockfileVersion": 3,
  "requires": true,
  "packages": {
    "": {
      "devDependencies": {
        "postcss-advanced-variables": "^3.0.1",
        "typescript": "^5.3.3"
      }
    },
    "node_modules/@csstools/sass-import-resolve": {
      "version": "1.0.0",
      "resolved": "https://registry.npmjs.org/@csstools/sass-import-resolve/-/sass-import-resolve-1.0.0.tgz",
      "integrity": "sha512-pH4KCsbtBLLe7eqUrw8brcuFO8IZlN36JjdKlOublibVdAIPHCzEnpBWOVUXK5sCf+DpBi8ZtuWtjF0srybdeA==",
      "dev": true,
      "engines": {
        "node": ">=4.0.0"
      }
    },
    "node_modules/picocolors": {
      "version": "0.2.1",
      "resolved": "https://registry.npmjs.org/picocolors/-/picocolors-0.2.1.tgz",
      "integrity": "sha512-cMlDqaLEqfSaW8Z7N5Jw+lyIW869EzT73/F5lhtY9cLGoVxSXznfgfXMO0Z5K0o0Q2TkTXq+0KFsdnSe3jDViA==",
      "dev": true
    },
    "node_modules/postcss": {
      "version": "7.0.39",
      "resolved": "https://registry.npmjs.org/postcss/-/postcss-7.0.39.tgz",
      "integrity": "sha512-yioayjNbHn6z1/Bywyb2Y4s3yvDAeXGOyxqD+LnVOinq6Mdmd++SW2wUNVzavyyHxd6+DxzWGIuosg6P1Rj8uA==",
      "dev": true,
      "dependencies": {
        "picocolors": "^0.2.1",
        "source-map": "^0.6.1"
      },
      "engines": {
        "node": ">=6.0.0"
      },
      "funding": {
        "type": "opencollective",
        "url": "https://opencollective.com/postcss/"
      }
    },
    "node_modules/postcss-advanced-variables": {
      "version": "3.0.1",
      "resolved": "https://registry.npmjs.org/postcss-advanced-variables/-/postcss-advanced-variables-3.0.1.tgz",
      "integrity": "sha512-JqVjfkmqPoazMobVeQYzbt7djcDGJfMlpwBd9abTqmzWR40tvIUMXpTU5w3riqz7h+wYPY7V6GF8BIXL/ybEfg==",
      "dev": true,
      "dependencies": {
        "@csstools/sass-import-resolve": "^1.0.0",
        "postcss": "^7.0.6"
      },
      "engines": {
        "node": ">=6.0.0"
      }
    },
    "node_modules/source-map": {
      "version": "0.6.1",
      "resolved": "https://registry.npmjs.org/source-map/-/source-map-0.6.1.tgz",
      "integrity": "sha512-UjgapumWlbMhkBgzT7Ykc5YXUT46F0iKu8SGXq0bcwP5dz/h0Plj6enJqjz1Zbq2l5WaqYnrVbwWOWMyF3F47g==",
      "dev": true,
      "engines": {
        "node": ">=0.10.0"
      }
    },
    "node_modules/typescript": {
      "version": "5.3.3",
      "resolved": "https://registry.npmjs.org/typescript/-/typescript-5.3.3.tgz",
      "integrity": "sha512-pXWcraxM0uxAS+tN0AG/BF2TyqmHO014Z070UsJ+pFvYuRSq8KH8DmWpnbXe0pEPDHXZV3FcAbJkijJ5oNEnWw==",
      "dev": true,
      "bin": {
        "tsc": "bin/tsc",
        "tsserver": "bin/tsserver"
      },
      "engines": {
        "node": ">=14.17"
      }
    }
  }
}
